# @generated by Move, please check-in and do not edit manually.

[move]
version = 3
manifest_digest = "16A270F7B7D3DE22B969259CD0D3E974F5014F2EE3FA0FE3048A97EF997F8C2F"
deps_digest = "F8BBB0CCB2491CA29A3DF03D6F92277A4F3574266507ACD77214D37ECA3F3082"
dependencies = [
  { id = "Iota", name = "Iota" },
]

[[move.package]]
id = "Iota"
source = { git = "https://github.com/iotaledger/iota.git", rev = "framework/testnet", subdir = "crates/iota-framework/packages/iota-framework" }

dependencies = [
  { id = "MoveStdlib", name = "MoveStdlib" },
]

[[move.package]]
id = "MoveStdlib"
source = { git = "https://github.com/iotaledger/iota.git", rev = "framework/testnet", subdir = "crates/iota-framework/packages/move-stdlib" }

[move.toolchain-version]
compiler-version = "1.3.1-rc"
edition = "2024.beta"
flavor = "iota"

[env]

[env.testnet]
chain-id = "2304aa97"
original-published-id = "0x94be5e4138473ac370ff98227c25ff6c0a77bffe72d282854dd70c37e1fadf0f"
latest-published-id = "0x94be5e4138473ac370ff98227c25ff6c0a77bffe72d282854dd70c37e1fadf0f"
published-version = "1"
