# @generated by Move, please check-in and do not edit manually.

[move]
version = 3
manifest_digest = "75C407A3888A5D5CE9E57B04C448AE2D6465A0CD102B0851F61CCDDD3DAB4F91"
deps_digest = "060AD7E57DFB13104F21BE5F5C3759D03F0553FC3229247D9A7A6B45F50D03A3"
dependencies = [
  { id = "Iota", name = "Iota" },
  { id = "token", name = "token" },
  { id = "user_status", name = "user_status" },
]

[[move.package]]
id = "Iota"
source = { git = "https://github.com/iotaledger/iota.git", rev = "framework/testnet", subdir = "crates/iota-framework/packages/iota-framework" }

dependencies = [
  { id = "MoveStdlib", name = "MoveStdlib" },
]

[[move.package]]
id = "MoveStdlib"
source = { git = "https://github.com/iotaledger/iota.git", rev = "framework/testnet", subdir = "crates/iota-framework/packages/move-stdlib" }

[[move.package]]
id = "token"
source = { local = "../token" }

dependencies = [
  { id = "Iota", name = "Iota" },
]

[[move.package]]
id = "user_status"
source = { local = "../user_status" }

dependencies = [
  { id = "Iota", name = "Iota" },
]

[move.toolchain-version]
compiler-version = "1.3.1-rc"
edition = "2024"
flavor = "iota"

[env]

[env.testnet]
chain-id = "2304aa97"
original-published-id = "0x326c44a0c70c045890d962e57d7f23db6754d12eac4860db0d9d5ef9aaf5ead0"
latest-published-id = "0x326c44a0c70c045890d962e57d7f23db6754d12eac4860db0d9d5ef9aaf5ead0"
published-version = "1"
