# @generated by Move, please check-in and do not edit manually.

[move]
version = 3
manifest_digest = "E188E4150EFCB3CEB39CC72F66A6F38CBB7ADCC298D64C156D5C2F84BCA142B4"
deps_digest = "F9B494B64F0615AED0E98FC12A85B85ECD2BC5185C22D30E7F67786BB52E507C"
dependencies = [
  { id = "Iota", name = "Iota" },
  { id = "recommendation", name = "recommendation" },
  { id = "token", name = "token" },
  { id = "user_status", name = "user_status" },
]

[[move.package]]
id = "Iota"
source = { git = "https://github.com/iotaledger/iota.git", rev = "framework/testnet", subdir = "crates/iota-framework/packages/iota-framework" }

dependencies = [
  { id = "MoveStdlib", name = "MoveStdlib" },
]

[[move.package]]
id = "MoveStdlib"
source = { git = "https://github.com/iotaledger/iota.git", rev = "framework/testnet", subdir = "crates/iota-framework/packages/move-stdlib" }

[[move.package]]
id = "email_escrow"
source = { local = "../email_escrow" }

dependencies = [
  { id = "Iota", name = "Iota" },
  { id = "escrow", name = "escrow" },
  { id = "token", name = "token" },
]

[[move.package]]
id = "escrow"
source = { local = "../escrow" }

dependencies = [
  { id = "Iota", name = "Iota" },
  { id = "token", name = "token" },
  { id = "user_status", name = "user_status" },
]

[[move.package]]
id = "recommendation"
source = { local = "../recommendation" }

dependencies = [
  { id = "Iota", name = "Iota" },
  { id = "email_escrow", name = "email_escrow" },
  { id = "escrow", name = "escrow" },
  { id = "rewards", name = "rewards" },
  { id = "token", name = "token" },
  { id = "user_status", name = "user_status" },
]

[[move.package]]
id = "rewards"
source = { local = "../rewards" }

dependencies = [
  { id = "Iota", name = "Iota" },
  { id = "email_escrow", name = "email_escrow" },
  { id = "escrow", name = "escrow" },
  { id = "token", name = "token" },
  { id = "user_status", name = "user_status" },
]

[[move.package]]
id = "token"
source = { local = "../token" }

dependencies = [
  { id = "Iota", name = "Iota" },
]

[[move.package]]
id = "user_status"
source = { local = "../user_status" }

dependencies = [
  { id = "Iota", name = "Iota" },
]

[move.toolchain-version]
compiler-version = "1.3.1-rc"
edition = "2024"
flavor = "iota"

[env]

[env.testnet]
chain-id = "2304aa97"
original-published-id = "0x3fcb73bd55e649c98318adbf6654222144b8d758590732e652df27a0fb6223dd"
latest-published-id = "0x3fcb73bd55e649c98318adbf6654222144b8d758590732e652df27a0fb6223dd"
published-version = "1"
