# @generated by Move, please check-in and do not edit manually.

[move]
version = 3
manifest_digest = "916C873973C89B9857D3D97B82A53762E435DC0B01A6726DA47C4DB05524F079"
deps_digest = "F8BBB0CCB2491CA29A3DF03D6F92277A4F3574266507ACD77214D37ECA3F3082"
dependencies = [
  { id = "Iota", name = "Iota" },
]

[[move.package]]
id = "Iota"
source = { git = "https://github.com/iotaledger/iota.git", rev = "framework/testnet", subdir = "crates/iota-framework/packages/iota-framework" }

dependencies = [
  { id = "MoveStdlib", name = "MoveStdlib" },
]

[[move.package]]
id = "MoveStdlib"
source = { git = "https://github.com/iotaledger/iota.git", rev = "framework/testnet", subdir = "crates/iota-framework/packages/move-stdlib" }

[move.toolchain-version]
compiler-version = "1.3.1-rc"
edition = "2024.beta"
flavor = "iota"

[env]

[env.testnet]
chain-id = "2304aa97"
original-published-id = "0x7429a0ec403c1ea8cc33637c946983047404f13e2e2ae801cbfe5df6b067b39a"
latest-published-id = "0x7429a0ec403c1ea8cc33637c946983047404f13e2e2ae801cbfe5df6b067b39a"
published-version = "1"
