# @generated by Move, please check-in and do not edit manually.

[move]
version = 3
manifest_digest = "9B5906B9D8B1EFFE5575126FFC1E4D33ECEEE16C771E2D073BD9E386EE372481"
deps_digest = "060AD7E57DFB13104F21BE5F5C3759D03F0553FC3229247D9A7A6B45F50D03A3"
dependencies = [
  { id = "Iota", name = "Iota" },
  { id = "token", name = "token" },
  { id = "user_status", name = "user_status" },
]

[[move.package]]
id = "Iota"
source = { git = "https://github.com/iotaledger/iota.git", rev = "framework/testnet", subdir = "crates/iota-framework/packages/iota-framework" }

dependencies = [
  { id = "MoveStdlib", name = "MoveStdlib" },
]

[[move.package]]
id = "MoveStdlib"
source = { git = "https://github.com/iotaledger/iota.git", rev = "framework/testnet", subdir = "crates/iota-framework/packages/move-stdlib" }

[[move.package]]
id = "token"
source = { local = "../token" }

dependencies = [
  { id = "Iota", name = "Iota" },
]

[[move.package]]
id = "user_status"
source = { local = "../user_status" }

dependencies = [
  { id = "Iota", name = "Iota" },
]

[move.toolchain-version]
compiler-version = "1.15.0-alpha"
edition = "2024"
flavor = "iota"
